
Microsoft Visual Studio Solution File, Format Version 12.00
# Visual Studio Version 17
VisualStudioVersion = 17.5.33414.496
MinimumVisualStudioVersion = 10.0.40219.1
Project("{FAE04EC0-301F-11D3-BF4B-00C04F79EFBC}") = "My_WebApi_Core", "My_WebApi_Core\My_WebApi_Core.csproj", "{6237D773-5C68-4B0B-9157-CE3531CF5EC0}"
EndProject
Global
	GlobalSection(SolutionConfigurationPlatforms) = preSolution
		Debug|Any CPU = Debug|Any CPU
		Release|Any CPU = Release|Any CPU
	EndGlobalSection
	GlobalSection(ProjectConfigurationPlatforms) = postSolution
		{6237D773-5C68-4B0B-9157-CE3531CF5EC0}.Debug|Any CPU.ActiveCfg = Debug|Any CPU
		{6237D773-5C68-4B0B-9157-CE3531CF5EC0}.Debug|Any CPU.Build.0 = Debug|Any CPU
		{6237D773-5C68-4B0B-9157-CE3531CF5EC0}.Release|Any CPU.ActiveCfg = Release|Any CPU
		{6237D773-5C68-4B0B-9157-CE3531CF5EC0}.Release|Any CPU.Build.0 = Release|Any CPU
	EndGlobalSection
	GlobalSection(SolutionProperties) = preSolution
		HideSolutionNode = FALSE
	EndGlobalSection
	GlobalSection(ExtensibilityGlobals) = postSolution
		SolutionGuid = {1CEA7CC8-D62C-4321-9741-9D0521FC0A9F}
	EndGlobalSection
EndGlobal
